
Microsoft Visual Studio Solution File, Format Version 12.00
# Visual Studio 15
VisualStudioVersion = 15.0.28307.1082
MinimumVisualStudioVersion = 10.0.40219.1
Project("{FAE04EC0-301F-11D3-BF4B-00C04F79EFBC}") = "ESTest", "ESTest\ESTest.csproj", "{AF71B98C-D7FE-44FA-A3F4-3F624AF630AA}"
EndProject
Project("{FAE04EC0-301F-11D3-BF4B-00C04F79EFBC}") = "Worker", "Worker\Worker.csproj", "{66A489B5-A66F-49DC-91F8-11B6B742C300}"
EndProject
Project("{FAE04EC0-301F-11D3-BF4B-00C04F79EFBC}") = "ExchangeQueue", "ExchangeQueue\ExchangeQueue.csproj", "{73D1A02E-04CE-4F04-8C08-FA54BF13BDE1}"
EndProject
Project("{FAE04EC0-301F-11D3-BF4B-00C04F79EFBC}") = "ExchangeWorker", "ExchangeWorker\ExchangeWorker.csproj", "{ACE5FF62-0DD2-4C9D-B837-A77E64F749FD}"
EndProject
Project("{FAE04EC0-301F-11D3-BF4B-00C04F79EFBC}") = "Reptile", "Reptile\Reptile.csproj", "{657F967F-CCB4-4E29-9D73-BABC6586A130}"
EndProject
Project("{FAE04EC0-301F-11D3-BF4B-00C04F79EFBC}") = "QPSLimit", "QPSLimit\QPSLimit.csproj", "{D6265D01-1A26-4C4E-B11C-4AA292E5BAA6}"
EndProject
Project("{FAE04EC0-301F-11D3-BF4B-00C04F79EFBC}") = "LimitingServiceTest", "LimitingServiceTest\LimitingServiceTest.csproj", "{7DB727EE-ED5A-4BFD-BEB2-11EFCBE65496}"
EndProject
Project("{FAE04EC0-301F-11D3-BF4B-00C04F79EFBC}") = "ThrottleTest", "ThrottleTest\ThrottleTest.csproj", "{B6F9305C-DEA2-475A-9102-3859B4559668}"
EndProject
Project("{FAE04EC0-301F-11D3-BF4B-00C04F79EFBC}") = "QPSTest1", "QPSTest1\QPSTest1.csproj", "{25AE2BCC-955C-4161-ACD7-52A7F8B4CC75}"
EndProject
Project("{FAE04EC0-301F-11D3-BF4B-00C04F79EFBC}") = "SwaggerTest", "SwaggerTest\SwaggerTest.csproj", "{C8843278-9C20-4703-B094-3F3797F4BB90}"
EndProject
Global
	GlobalSection(SolutionConfigurationPlatforms) = preSolution
		Debug|Any CPU = Debug|Any CPU
		Release|Any CPU = Release|Any CPU
	EndGlobalSection
	GlobalSection(ProjectConfigurationPlatforms) = postSolution
		{AF71B98C-D7FE-44FA-A3F4-3F624AF630AA}.Debug|Any CPU.ActiveCfg = Debug|Any CPU
		{AF71B98C-D7FE-44FA-A3F4-3F624AF630AA}.Debug|Any CPU.Build.0 = Debug|Any CPU
		{AF71B98C-D7FE-44FA-A3F4-3F624AF630AA}.Release|Any CPU.ActiveCfg = Release|Any CPU
		{AF71B98C-D7FE-44FA-A3F4-3F624AF630AA}.Release|Any CPU.Build.0 = Release|Any CPU
		{66A489B5-A66F-49DC-91F8-11B6B742C300}.Debug|Any CPU.ActiveCfg = Debug|Any CPU
		{66A489B5-A66F-49DC-91F8-11B6B742C300}.Debug|Any CPU.Build.0 = Debug|Any CPU
		{66A489B5-A66F-49DC-91F8-11B6B742C300}.Release|Any CPU.ActiveCfg = Release|Any CPU
		{66A489B5-A66F-49DC-91F8-11B6B742C300}.Release|Any CPU.Build.0 = Release|Any CPU
		{73D1A02E-04CE-4F04-8C08-FA54BF13BDE1}.Debug|Any CPU.ActiveCfg = Debug|Any CPU
		{73D1A02E-04CE-4F04-8C08-FA54BF13BDE1}.Debug|Any CPU.Build.0 = Debug|Any CPU
		{73D1A02E-04CE-4F04-8C08-FA54BF13BDE1}.Release|Any CPU.ActiveCfg = Release|Any CPU
		{73D1A02E-04CE-4F04-8C08-FA54BF13BDE1}.Release|Any CPU.Build.0 = Release|Any CPU
		{ACE5FF62-0DD2-4C9D-B837-A77E64F749FD}.Debug|Any CPU.ActiveCfg = Debug|Any CPU
		{ACE5FF62-0DD2-4C9D-B837-A77E64F749FD}.Debug|Any CPU.Build.0 = Debug|Any CPU
		{ACE5FF62-0DD2-4C9D-B837-A77E64F749FD}.Release|Any CPU.ActiveCfg = Release|Any CPU
		{ACE5FF62-0DD2-4C9D-B837-A77E64F749FD}.Release|Any CPU.Build.0 = Release|Any CPU
		{657F967F-CCB4-4E29-9D73-BABC6586A130}.Debug|Any CPU.ActiveCfg = Debug|Any CPU
		{657F967F-CCB4-4E29-9D73-BABC6586A130}.Debug|Any CPU.Build.0 = Debug|Any CPU
		{657F967F-CCB4-4E29-9D73-BABC6586A130}.Release|Any CPU.ActiveCfg = Release|Any CPU
		{657F967F-CCB4-4E29-9D73-BABC6586A130}.Release|Any CPU.Build.0 = Release|Any CPU
		{D6265D01-1A26-4C4E-B11C-4AA292E5BAA6}.Debug|Any CPU.ActiveCfg = Debug|Any CPU
		{D6265D01-1A26-4C4E-B11C-4AA292E5BAA6}.Debug|Any CPU.Build.0 = Debug|Any CPU
		{D6265D01-1A26-4C4E-B11C-4AA292E5BAA6}.Release|Any CPU.ActiveCfg = Release|Any CPU
		{D6265D01-1A26-4C4E-B11C-4AA292E5BAA6}.Release|Any CPU.Build.0 = Release|Any CPU
		{7DB727EE-ED5A-4BFD-BEB2-11EFCBE65496}.Debug|Any CPU.ActiveCfg = Debug|Any CPU
		{7DB727EE-ED5A-4BFD-BEB2-11EFCBE65496}.Debug|Any CPU.Build.0 = Debug|Any CPU
		{7DB727EE-ED5A-4BFD-BEB2-11EFCBE65496}.Release|Any CPU.ActiveCfg = Release|Any CPU
		{7DB727EE-ED5A-4BFD-BEB2-11EFCBE65496}.Release|Any CPU.Build.0 = Release|Any CPU
		{B6F9305C-DEA2-475A-9102-3859B4559668}.Debug|Any CPU.ActiveCfg = Debug|Any CPU
		{B6F9305C-DEA2-475A-9102-3859B4559668}.Debug|Any CPU.Build.0 = Debug|Any CPU
		{B6F9305C-DEA2-475A-9102-3859B4559668}.Release|Any CPU.ActiveCfg = Release|Any CPU
		{B6F9305C-DEA2-475A-9102-3859B4559668}.Release|Any CPU.Build.0 = Release|Any CPU
		{25AE2BCC-955C-4161-ACD7-52A7F8B4CC75}.Debug|Any CPU.ActiveCfg = Debug|Any CPU
		{25AE2BCC-955C-4161-ACD7-52A7F8B4CC75}.Debug|Any CPU.Build.0 = Debug|Any CPU
		{25AE2BCC-955C-4161-ACD7-52A7F8B4CC75}.Release|Any CPU.ActiveCfg = Release|Any CPU
		{25AE2BCC-955C-4161-ACD7-52A7F8B4CC75}.Release|Any CPU.Build.0 = Release|Any CPU
		{C8843278-9C20-4703-B094-3F3797F4BB90}.Debug|Any CPU.ActiveCfg = Debug|Any CPU
		{C8843278-9C20-4703-B094-3F3797F4BB90}.Debug|Any CPU.Build.0 = Debug|Any CPU
		{C8843278-9C20-4703-B094-3F3797F4BB90}.Release|Any CPU.ActiveCfg = Release|Any CPU
		{C8843278-9C20-4703-B094-3F3797F4BB90}.Release|Any CPU.Build.0 = Release|Any CPU
	EndGlobalSection
	GlobalSection(SolutionProperties) = preSolution
		HideSolutionNode = FALSE
	EndGlobalSection
	GlobalSection(ExtensibilityGlobals) = postSolution
		SolutionGuid = {82D66082-9F00-4012-B735-836FEABAC291}
	EndGlobalSection
EndGlobal
